// !$*UTF8*$!
{
	archiveVersion = 1;
	classes = {
	};
	objectVersion = 46;
	objects = {

/* Begin PBXBuildFile section */
		47CDFDE31C56871B00B70610 /* AppDelegate.swift in Sources */ = {isa = PBXBuildFile; fileRef = 47CDFDE21C56871B00B70610 /* AppDelegate.swift */; };
		47CDFDE51C56871B00B70610 /* ViewController.swift in Sources */ = {isa = PBXBuildFile; fileRef = 47CDFDE41C56871B00B70610 /* ViewController.swift */; };
		47CDFDE81C56871B00B70610 /* Main.storyboard in Resources */ = {isa = PBXBuildFile; fileRef = 47CDFDE61C56871B00B70610 /* Main.storyboard */; };
		47CDFDEA1C56871B00B70610 /* Assets.xcassets in Resources */ = {isa = PBXBuildFile; fileRef = 47CDFDE91C56871B00B70610 /* Assets.xcassets */; };
		47CDFDED1C56871B00B70610 /* LaunchScreen.storyboard in Resources */ = {isa = PBXBuildFile; fileRef = 47CDFDEB1C56871B00B70610 /* LaunchScreen.storyboard */; };
/* End PBXBuildFile section */

/* Begin PBXFileReference section */
		47CDFDDF1C56871B00B70610 /* MovieViewer.app */ = {isa = PBXFileReference; explicitFileType = wrapper.application; includeInIndex = 0; path = MovieViewer.app; sourceTree = BUILT_PRODUCTS_DIR; };
		47CDFDE21C56871B00B70610 /* AppDelegate.swift */ = {isa = PBXFileReference; lastKnownFileType = sourcecode.swift; path = AppDelegate.swift; sourceTree = "<group>"; };
		47CDFDE41C56871B00B70610 /* ViewController.swift */ = {isa = PBXFileReference; lastKnownFileType = sourcecode.swift; path = ViewController.swift; sourceTree = "<group>"; };
		47CDFDE71C56871B00B70610 /* Base */ = {isa = PBXFileReference; lastKnownFileType = file.storyboard; name = Base; path = Base.lproj/Main.storyboard; sourceTree = "<group>"; };
		47CDFDE91C56871B00B70610 /* Assets.xcassets */ = {isa = PBXFileReference; lastKnownFileType = folder.assetcatalog; path = Assets.xcassets; sourceTree = "<group>"; };
		47CDFDEC1C56871B00B70610 /* Base */ = {isa = PBXFileReference; lastKnownFileType = file.storyboard; name = Base; path = Base.lproj/LaunchScreen.storyboard; sourceTree = "<group>"; };
		47CDFDEE1C56871B00B70610 /* Info.plist */ = {isa = PBXFileReference; lastKnownFileType = text.plist.xml; path = Info.plist; sourceTree = "<group>"; };
/* End PBXFileReference section */

/* Begin PBXFrameworksBuildPhase section */
		47CDFDDC1C56871B00B70610 /* Frameworks */ = {
			isa = PBXFrameworksBuildPhase;
			buildActionMask = 2147483647;
			files = (
			);
			runOnlyForDeploymentPostprocessing = 0;
		};
/* End PBXFrameworksBuildPhase section */

/* Begin PBXGroup section */
		47CDFDD61C56871B00B70610 = {
			isa = PBXGroup;
			children = (
				47CDFDE11C56871B00B70610 /* MovieViewer */,
				47CDFDE01C56871B00B70610 /* Products */,
			);
			sourceTree = "<group>";
		};
		47CDFDE01C56871B00B70610 /* Products */ = {
			isa = PBXGroup;
			children = (
				47CDFDDF1C56871B00B70610 /* MovieViewer.app */,
			);
			name = Products;
			sourceTree = "<group>";
		};
		47CDFDE11C56871B00B70610 /* MovieViewer */ = {
			isa = PBXGroup;
			children = (
				47CDFDE21C56871B00B70610 /* AppDelegate.swift */,
				47CDFDE41C56871B00B70610 /* ViewController.swift */,
				47CDFDE61C56871B00B70610 /* Main.storyboard */,
				47CDFDE91C56871B00B70610 /* Assets.xcassets */,
				47CDFDEB1C56871B00B70610 /* LaunchScreen.storyboard */,
				47CDFDEE1C56871B00B70610 /* Info.plist */,
			);
			path = MovieViewer;
			sourceTree = "<group>";
		};
/* End PBXGroup section */

/* Begin PBXNativeTarget section */
		47CDFDDE1C56871B00B70610 /* MovieViewer */ = {
			isa = PBXNativeTarget;
			buildConfigurationList = 47CDFDF11C56871B00B70610 /* Build configuration list for PBXNativeTarget "MovieViewer" */;
			buildPhases = (
				47CDFDDB1C56871B00B70610 /* Sources */,
				47CDFDDC1C56871B00B70610 /* Frameworks */,
				47CDFDDD1C56871B00B70610 /* Resources */,
			);
			buildRules = (
			);
			dependencies = (
			);
			name = MovieViewer;
			productName = MovieViewer;
			productReference = 47CDFDDF1C56871B00B70610 /* MovieViewer.app */;
			productType = "com.apple.product-type.application";
		};
/* End PBXNativeTarget section */

/* Begin PBXProject section */
		47CDFDD71C56871B00B70610 /* Project object */ = {
			isa = PBXProject;
			attributes = {
				LastSwiftUpdateCheck = 0720;
				LastUpgradeCheck = 0720;
				ORGANIZATIONNAME = "Wei Weng";
				TargetAttributes = {
					47CDFDDE1C56871B00B70610 = {
						CreatedOnToolsVersion = 7.2;
						DevelopmentTeam = 4UQ86PHUM9;
					};
				};
			};
			buildConfigurationList = 47CDFDDA1C56871B00B70610 /* Build configuration list for PBXProject "MovieViewer" */;
			compatibilityVersion = "Xcode 3.2";
			developmentRegion = English;
			hasScannedForEncodings = 0;
			knownRegions = (
				en,
				Base,
			);
			mainGroup = 47CDFDD61C56871B00B70610;
			productRefGroup = 47CDFDE01C56871B00B70610 /* Products */;
			projectDirPath = "";
			projectRoot = "";
			targets = (
				47CDFDDE1C56871B00B70610 /* MovieViewer */,
			);
		};
/* End PBXProject section */

/* Begin PBXResourcesBuildPhase section */
		47CDFDDD1C56871B00B70610 /* Resources */ = {
			isa = PBXResourcesBuildPhase;
			buildActionMask = 2147483647;
			files = (
				47CDFDED1C56871B00B70610 /* LaunchScreen.storyboard in Resources */,
				47CDFDEA1C56871B00B70610 /* Assets.xcassets in Resources */,
				47CDFDE81C56871B00B70610 /* Main.storyboard in Resources */,
			);
			runOnlyForDeploymentPostprocessing = 0;
		};
/* End PBXResourcesBuildPhase section */

/* Begin PBXSourcesBuildPhase section */
		47CDFDDB1C56871B00B70610 /* Sources */ = {
			isa = PBXSourcesBuildPhase;
			buildActionMask = 2147483647;
			files = (
				47CDFDE51C56871B00B70610 /* ViewController.swift in Sources */,
				47CDFDE31C56871B00B70610 /* AppDelegate.swift in Sources */,
			);
			runOnlyForDeploymentPostprocessing = 0;
		};
/* End PBXSourcesBuildPhase section */

/* Begin PBXVariantGroup section */
		47CDFDE61C56871B00B70610 /* Main.storyboard */ = {
			isa = PBXVariantGroup;
			children = (
				47CDFDE71C56871B00B70610 /* Base */,
			);
			name = Main.storyboard;
			sourceTree = "<group>";
		};
		47CDFDEB1C56871B00B70610 /* LaunchScreen.storyboard */ = {
			isa = PBXVariantGroup;
			children = (
				47CDFDEC1C56871B00B70610 /* Base */,
			);
			name = LaunchScreen.storyboard;
			sourceTree = "<group>";
		};
/* End PBXVariantGroup section */

/* Begin XCBuildConfiguration section */
		47CDFDEF1C56871B00B70610 /* Debug */ = {
			isa = XCBuildConfiguration;
			buildSettings = {
				ALWAYS_SEARCH_USER_PATHS = NO;
				CLANG_CXX_LANGUAGE_STANDARD = "gnu++0x";
				CLANG_CXX_LIBRARY = "libc++";
				CLANG_ENABLE_MODULES = YES;
				CLANG_ENABLE_OBJC_ARC = YES;
				CLANG_WARN_BOOL_CONVERSION = YES;
				CLANG_WARN_CONSTANT_CONVERSION = YES;
				CLANG_WARN_DIRECT_OBJC_ISA_USAGE = YES_ERROR;
				CLANG_WARN_EMPTY_BODY = YES;
				CLANG_WARN_ENUM_CONVERSION = YES;
				CLANG_WARN_INT_CONVERSION = YES;
				CLANG_WARN_OBJC_ROOT_CLASS = YES_ERROR;
				CLANG_WARN_UNREACHABLE_CODE = YES;
				CLANG_WARN__DUPLICATE_METHOD_MATCH = YES;
				"CODE_SIGN_IDENTITY[sdk=iphoneos*]" = "iPhone Developer";
				COPY_PHASE_STRIP = NO;
				DEBUG_INFORMATION_FORMAT = dwarf;
				ENABLE_STRICT_OBJC_MSGSEND = YES;
				ENABLE_TESTABILITY = YES;
				GCC_C_LANGUAGE_STANDARD = gnu99;
				GCC_DYNAMIC_NO_PIC = NO;
				GCC_NO_COMMON_BLOCKS = YES;
				GCC_OPTIMIZATION_LEVEL = 0;
				GCC_PREPROCESSOR_DEFINITIONS = (
					"DEBUG=1",
					"$(inherited)",
				);
				GCC_WARN_64_TO_32_BIT_CONVERSION = YES;
				GCC_WARN_ABOUT_RETURN_TYPE = YES_ERROR;
				GCC_WARN_UNDECLARED_SELECTOR = YES;
				GCC_WARN_UNINITIALIZED_AUTOS = YES_AGGRESSIVE;
				GCC_WARN_UNUSED_FUNCTION = YES;
				GCC_WARN_UNUSED_VARIABLE = YES;
				IPHONEOS_DEPLOYMENT_TARGET = 9.2;
				MTL_ENABLE_DEBUG_INFO = YES;
				ONLY_ACTIVE_ARCH = YES;
				SDKROOT = iphoneos;
				SWIFT_OPTIMIZATION_LEVEL = "-Onone";
			};
			name = Debug;
		};
		47CDFDF01C56871B00B70610 /* Release */ = {
			isa = XCBuildConfiguration;
			buildSettings = {
				ALWAYS_SEARCH_USER_PATHS = NO;
				CLANG_CXX_LANGUAGE_STANDARD = "gnu++0x";
				CLANG_CXX_LIBRARY = "libc++";
				CLANG_ENABLE_MODULES = YES;
				CLANG_ENABLE_OBJC_ARC = YES;
				CLANG_WARN_BOOL_CONVERSION = YES;
				CLANG_WARN_CONSTANT_CONVERSION = YES;
				CLANG_WARN_DIRECT_OBJC_ISA_USAGE = YES_ERROR;
				CLANG_WARN_EMPTY_BODY = YES;
				CLANG_WARN_ENUM_CONVERSION = YES;
				CLANG_WARN_INT_CONVERSION = YES;
				CLANG_WARN_OBJC_ROOT_CLASS = YES_ERROR;
				CLANG_WARN_UNREACHABLE_CODE = YES;
				CLANG_WARN__DUPLICATE_METHOD_MATCH = YES;
				"CODE_SIGN_IDENTITY[sdk=iphoneos*]" = "iPhone Developer";
				COPY_PHASE_STRIP = NO;
				DEBUG_INFORMATION_FORMAT = "dwarf-with-dsym";
				ENABLE_NS_ASSERTIONS = NO;
				ENABLE_STRICT_OBJC_MSGSEND = YES;
				GCC_C_LANGUAGE_STANDARD = gnu99;
				GCC_NO_COMMON_BLOCKS = YES;
				GCC_WARN_64_TO_32_BIT_CONVERSION = YES;
				GCC_WARN_ABOUT_RETURN_TYPE = YES_ERROR;
				GCC_WARN_UNDECLARED_SELECTOR = YES;
				GCC_WARN_UNINITIALIZED_AUTOS = YES_AGGRESSIVE;
				GCC_WARN_UNUSED_FUNCTION = YES;
				GCC_WARN_UNUSED_VARIABLE = YES;
				IPHONEOS_DEPLOYMENT_TARGET = 9.2;
				MTL_ENABLE_DEBUG_INFO = NO;
				SDKROOT = iphoneos;
				VALIDATE_PRODUCT = YES;
			};
			name = Release;
		};
		47CDFDF21C56871B00B70610 /* Debug */ = {
			isa = XCBuildConfiguration;
			buildSettings = {
				ASSETCATALOG_COMPILER_APPICON_NAME = AppIcon;
				INFOPLIST_FILE = MovieViewer/Info.plist;
				LD_RUNPATH_SEARCH_PATHS = "$(inherited) @executable_path/Frameworks";
				PRODUCT_BUNDLE_IDENTIFIER = com.example.MovieViewer;
				PRODUCT_NAME = "$(TARGET_NAME)";
			};
			name = Debug;
		};
		47CDFDF31C56871B00B70610 /* Release */ = {
			isa = XCBuildConfiguration;
			buildSettings = {
				ASSETCATALOG_COMPILER_APPICON_NAME = AppIcon;
				INFOPLIST_FILE = MovieViewer/Info.plist;
				LD_RUNPATH_SEARCH_PATHS = "$(inherited) @executable_path/Frameworks";
				PRODUCT_BUNDLE_IDENTIFIER = com.example.MovieViewer;
				PRODUCT_NAME = "$(TARGET_NAME)";
			};
			name = Release;
		};
/* End XCBuildConfiguration section */

/* Begin XCConfigurationList section */
		47CDFDDA1C56871B00B70610 /* Build configuration list for PBXProject "MovieViewer" */ = {
			isa = XCConfigurationList;
			buildConfigurations = (
				47CDFDEF1C56871B00B70610 /* Debug */,
				47CDFDF01C56871B00B70610 /* Release */,
			);
			defaultConfigurationIsVisible = 0;
			defaultConfigurationName = Release;
		};
		47CDFDF11C56871B00B70610 /* Build configuration list for PBXNativeTarget "MovieViewer" */ = {
			isa = XCConfigurationList;
			buildConfigurations = (
				47CDFDF21C56871B00B70610 /* Debug */,
				47CDFDF31C56871B00B70610 /* Release */,
			);
			defaultConfigurationIsVisible = 0;
		};
/* End XCConfigurationList section */
	};
	rootObject = 47CDFDD71C56871B00B70610 /* Project object */;
}
